PODS:
  - ArcGIS-Runtime-SDK-iOS (100.8)

DEPENDENCIES:
  - ArcGIS-Runtime-SDK-iOS (= 100.8)

SPEC REPOS:
  trunk:
    - ArcGIS-Runtime-SDK-iOS

SPEC CHECKSUMS:
  ArcGIS-Runtime-SDK-iOS: 5cf174db20194ba8e1571d656e1e902205ed8c80

PODFILE CHECKSUM: 4cb95c77a2e6030b8f77f8dfbfa219e48bb8b913

COCOAPODS: 1.9.2
